// !$*UTF8*$!
{
	archiveVersion = 1;
	classes = {
	};
	objectVersion = 50;
	objects = {

/* Begin PBXBuildFile section */
		4E0049A726820CB4004F1639 /* AppDelegate.swift in Sources */ = {isa = PBXBuildFile; fileRef = 4E0049A626820CB4004F1639 /* AppDelegate.swift */; };
		4E0049A926820CB4004F1639 /* SceneDelegate.swift in Sources */ = {isa = PBXBuildFile; fileRef = 4E0049A826820CB4004F1639 /* SceneDelegate.swift */; };
		4E0049AE26820CB4004F1639 /* Main.storyboard in Resources */ = {isa = PBXBuildFile; fileRef = 4E0049AC26820CB4004F1639 /* Main.storyboard */; };
		4E0049B026820CB5004F1639 /* Assets.xcassets in Resources */ = {isa = PBXBuildFile; fileRef = 4E0049AF26820CB5004F1639 /* Assets.xcassets */; };
		4E0049B326820CB5004F1639 /* LaunchScreen.storyboard in Resources */ = {isa = PBXBuildFile; fileRef = 4E0049B126820CB5004F1639 /* LaunchScreen.storyboard */; };
		4E8A9A03268320FE009BEE3D /* API.swift in Sources */ = {isa = PBXBuildFile; fileRef = 4E8A9A02268320FE009BEE3D /* API.swift */; };
		4EA9704126846FF60024E259 /* ShowDetail.swift in Sources */ = {isa = PBXBuildFile; fileRef = 4EA9704026846FF60024E259 /* ShowDetail.swift */; };
		4EB769C52683329500D27DA6 /* Constants.swift in Sources */ = {isa = PBXBuildFile; fileRef = 4EB769C42683329500D27DA6 /* Constants.swift */; };
		4EBD107F26823CCF006B29D2 /* ShowCollectionViewCell.swift in Sources */ = {isa = PBXBuildFile; fileRef = 4EBD107E26823CCF006B29D2 /* ShowCollectionViewCell.swift */; };
		4EBD108126823CE6006B29D2 /* ShowsCollectionViewController.swift in Sources */ = {isa = PBXBuildFile; fileRef = 4EBD108026823CE6006B29D2 /* ShowsCollectionViewController.swift */; };
		4EBD108326823EC7006B29D2 /* Show.swift in Sources */ = {isa = PBXBuildFile; fileRef = 4EBD108226823EC7006B29D2 /* Show.swift */; };
		4ED371C5268385B3003EA20D /* ShowDetailViewController.swift in Sources */ = {isa = PBXBuildFile; fileRef = 4ED371C4268385B3003EA20D /* ShowDetailViewController.swift */; };
		4ED371CB268441A9003EA20D /* RelatedVideoCollectionViewCell.swift in Sources */ = {isa = PBXBuildFile; fileRef = 4ED371CA268441A9003EA20D /* RelatedVideoCollectionViewCell.swift */; };
/* End PBXBuildFile section */

/* Begin PBXFileReference section */
		4E0049A326820CB4004F1639 /* ScoopWhoopAssignment.app */ = {isa = PBXFileReference; explicitFileType = wrapper.application; includeInIndex = 0; path = ScoopWhoopAssignment.app; sourceTree = BUILT_PRODUCTS_DIR; };
		4E0049A626820CB4004F1639 /* AppDelegate.swift */ = {isa = PBXFileReference; lastKnownFileType = sourcecode.swift; path = AppDelegate.swift; sourceTree = "<group>"; };
		4E0049A826820CB4004F1639 /* SceneDelegate.swift */ = {isa = PBXFileReference; lastKnownFileType = sourcecode.swift; path = SceneDelegate.swift; sourceTree = "<group>"; };
		4E0049AD26820CB4004F1639 /* Base */ = {isa = PBXFileReference; lastKnownFileType = file.storyboard; name = Base; path = Base.lproj/Main.storyboard; sourceTree = "<group>"; };
		4E0049AF26820CB5004F1639 /* Assets.xcassets */ = {isa = PBXFileReference; lastKnownFileType = folder.assetcatalog; path = Assets.xcassets; sourceTree = "<group>"; };
		4E0049B226820CB5004F1639 /* Base */ = {isa = PBXFileReference; lastKnownFileType = file.storyboard; name = Base; path = Base.lproj/LaunchScreen.storyboard; sourceTree = "<group>"; };
		4E0049B426820CB5004F1639 /* Info.plist */ = {isa = PBXFileReference; lastKnownFileType = text.plist.xml; path = Info.plist; sourceTree = "<group>"; };
		4E8A9A02268320FE009BEE3D /* API.swift */ = {isa = PBXFileReference; lastKnownFileType = sourcecode.swift; path = API.swift; sourceTree = "<group>"; };
		4EA9704026846FF60024E259 /* ShowDetail.swift */ = {isa = PBXFileReference; lastKnownFileType = sourcecode.swift; path = ShowDetail.swift; sourceTree = "<group>"; };
		4EB769C42683329500D27DA6 /* Constants.swift */ = {isa = PBXFileReference; lastKnownFileType = sourcecode.swift; path = Constants.swift; sourceTree = "<group>"; };
		4EBD107E26823CCF006B29D2 /* ShowCollectionViewCell.swift */ = {isa = PBXFileReference; lastKnownFileType = sourcecode.swift; path = ShowCollectionViewCell.swift; sourceTree = "<group>"; };
		4EBD108026823CE6006B29D2 /* ShowsCollectionViewController.swift */ = {isa = PBXFileReference; lastKnownFileType = sourcecode.swift; path = ShowsCollectionViewController.swift; sourceTree = "<group>"; };
		4EBD108226823EC7006B29D2 /* Show.swift */ = {isa = PBXFileReference; lastKnownFileType = sourcecode.swift; path = Show.swift; sourceTree = "<group>"; };
		4ED371C4268385B3003EA20D /* ShowDetailViewController.swift */ = {isa = PBXFileReference; lastKnownFileType = sourcecode.swift; path = ShowDetailViewController.swift; sourceTree = "<group>"; };
		4ED371CA268441A9003EA20D /* RelatedVideoCollectionViewCell.swift */ = {isa = PBXFileReference; lastKnownFileType = sourcecode.swift; path = RelatedVideoCollectionViewCell.swift; sourceTree = "<group>"; };
/* End PBXFileReference section */

/* Begin PBXFrameworksBuildPhase section */
		4E0049A026820CB4004F1639 /* Frameworks */ = {
			isa = PBXFrameworksBuildPhase;
			buildActionMask = 2147483647;
			files = (
			);
			runOnlyForDeploymentPostprocessing = 0;
		};
/* End PBXFrameworksBuildPhase section */

/* Begin PBXGroup section */
		4E00499A26820CB4004F1639 = {
			isa = PBXGroup;
			children = (
				4E0049A526820CB4004F1639 /* ScoopWhoopAssignment */,
				4E0049A426820CB4004F1639 /* Products */,
			);
			sourceTree = "<group>";
		};
		4E0049A426820CB4004F1639 /* Products */ = {
			isa = PBXGroup;
			children = (
				4E0049A326820CB4004F1639 /* ScoopWhoopAssignment.app */,
			);
			name = Products;
			sourceTree = "<group>";
		};
		4E0049A526820CB4004F1639 /* ScoopWhoopAssignment */ = {
			isa = PBXGroup;
			children = (
				4E0049B126820CB5004F1639 /* LaunchScreen.storyboard */,
				4E0049AC26820CB4004F1639 /* Main.storyboard */,
				4E0049A626820CB4004F1639 /* AppDelegate.swift */,
				4E0049A826820CB4004F1639 /* SceneDelegate.swift */,
				4E8A9A01268320AB009BEE3D /* Networking */,
				4EBD107C26823C52006B29D2 /* Controller */,
				4EBD107D26823C5A006B29D2 /* View */,
				4E8A9A002683200E009BEE3D /* Model */,
				4E0049AF26820CB5004F1639 /* Assets.xcassets */,
				4E0049B426820CB5004F1639 /* Info.plist */,
			);
			path = ScoopWhoopAssignment;
			sourceTree = "<group>";
		};
		4E8A9A002683200E009BEE3D /* Model */ = {
			isa = PBXGroup;
			children = (
				4EBD108226823EC7006B29D2 /* Show.swift */,
				4EA9704026846FF60024E259 /* ShowDetail.swift */,
			);
			path = Model;
			sourceTree = "<group>";
		};
		4E8A9A01268320AB009BEE3D /* Networking */ = {
			isa = PBXGroup;
			children = (
				4E8A9A02268320FE009BEE3D /* API.swift */,
				4EB769C42683329500D27DA6 /* Constants.swift */,
			);
			path = Networking;
			sourceTree = "<group>";
		};
		4EBD107C26823C52006B29D2 /* Controller */ = {
			isa = PBXGroup;
			children = (
				4EBD108026823CE6006B29D2 /* ShowsCollectionViewController.swift */,
				4ED371C4268385B3003EA20D /* ShowDetailViewController.swift */,
			);
			path = Controller;
			sourceTree = "<group>";
		};
		4EBD107D26823C5A006B29D2 /* View */ = {
			isa = PBXGroup;
			children = (
				4EBD107E26823CCF006B29D2 /* ShowCollectionViewCell.swift */,
				4ED371CA268441A9003EA20D /* RelatedVideoCollectionViewCell.swift */,
			);
			path = View;
			sourceTree = "<group>";
		};
/* End PBXGroup section */

/* Begin PBXNativeTarget section */
		4E0049A226820CB4004F1639 /* ScoopWhoopAssignment */ = {
			isa = PBXNativeTarget;
			buildConfigurationList = 4E0049B726820CB5004F1639 /* Build configuration list for PBXNativeTarget "ScoopWhoopAssignment" */;
			buildPhases = (
				4E00499F26820CB4004F1639 /* Sources */,
				4E0049A026820CB4004F1639 /* Frameworks */,
				4E0049A126820CB4004F1639 /* Resources */,
			);
			buildRules = (
			);
			dependencies = (
			);
			name = ScoopWhoopAssignment;
			productName = ScoopWhoopAssignment;
			productReference = 4E0049A326820CB4004F1639 /* ScoopWhoopAssignment.app */;
			productType = "com.apple.product-type.application";
		};
/* End PBXNativeTarget section */

/* Begin PBXProject section */
		4E00499B26820CB4004F1639 /* Project object */ = {
			isa = PBXProject;
			attributes = {
				LastSwiftUpdateCheck = 1250;
				LastUpgradeCheck = 1250;
				TargetAttributes = {
					4E0049A226820CB4004F1639 = {
						CreatedOnToolsVersion = 12.5.1;
					};
				};
			};
			buildConfigurationList = 4E00499E26820CB4004F1639 /* Build configuration list for PBXProject "ScoopWhoopAssignment" */;
			compatibilityVersion = "Xcode 9.3";
			developmentRegion = en;
			hasScannedForEncodings = 0;
			knownRegions = (
				en,
				Base,
			);
			mainGroup = 4E00499A26820CB4004F1639;
			productRefGroup = 4E0049A426820CB4004F1639 /* Products */;
			projectDirPath = "";
			projectRoot = "";
			targets = (
				4E0049A226820CB4004F1639 /* ScoopWhoopAssignment */,
			);
		};
/* End PBXProject section */

/* Begin PBXResourcesBuildPhase section */
		4E0049A126820CB4004F1639 /* Resources */ = {
			isa = PBXResourcesBuildPhase;
			buildActionMask = 2147483647;
			files = (
				4E0049B326820CB5004F1639 /* LaunchScreen.storyboard in Resources */,
				4E0049B026820CB5004F1639 /* Assets.xcassets in Resources */,
				4E0049AE26820CB4004F1639 /* Main.storyboard in Resources */,
			);
			runOnlyForDeploymentPostprocessing = 0;
		};
/* End PBXResourcesBuildPhase section */

/* Begin PBXSourcesBuildPhase section */
		4E00499F26820CB4004F1639 /* Sources */ = {
			isa = PBXSourcesBuildPhase;
			buildActionMask = 2147483647;
			files = (
				4EBD108326823EC7006B29D2 /* Show.swift in Sources */,
				4E0049A726820CB4004F1639 /* AppDelegate.swift in Sources */,
				4E0049A926820CB4004F1639 /* SceneDelegate.swift in Sources */,
				4EBD107F26823CCF006B29D2 /* ShowCollectionViewCell.swift in Sources */,
				4ED371C5268385B3003EA20D /* ShowDetailViewController.swift in Sources */,
				4EB769C52683329500D27DA6 /* Constants.swift in Sources */,
				4ED371CB268441A9003EA20D /* RelatedVideoCollectionViewCell.swift in Sources */,
				4E8A9A03268320FE009BEE3D /* API.swift in Sources */,
				4EA9704126846FF60024E259 /* ShowDetail.swift in Sources */,
				4EBD108126823CE6006B29D2 /* ShowsCollectionViewController.swift in Sources */,
			);
			runOnlyForDeploymentPostprocessing = 0;
		};
/* End PBXSourcesBuildPhase section */

/* Begin PBXVariantGroup section */
		4E0049AC26820CB4004F1639 /* Main.storyboard */ = {
			isa = PBXVariantGroup;
			children = (
				4E0049AD26820CB4004F1639 /* Base */,
			);
			name = Main.storyboard;
			sourceTree = "<group>";
		};
		4E0049B126820CB5004F1639 /* LaunchScreen.storyboard */ = {
			isa = PBXVariantGroup;
			children = (
				4E0049B226820CB5004F1639 /* Base */,
			);
			name = LaunchScreen.storyboard;
			sourceTree = "<group>";
		};
/* End PBXVariantGroup section */

/* Begin XCBuildConfiguration section */
		4E0049B526820CB5004F1639 /* Debug */ = {
			isa = XCBuildConfiguration;
			buildSettings = {
				ALWAYS_SEARCH_USER_PATHS = NO;
				CLANG_ANALYZER_NONNULL = YES;
				CLANG_ANALYZER_NUMBER_OBJECT_CONVERSION = YES_AGGRESSIVE;
				CLANG_CXX_LANGUAGE_STANDARD = "gnu++14";
				CLANG_CXX_LIBRARY = "libc++";
				CLANG_ENABLE_MODULES = YES;
				CLANG_ENABLE_OBJC_ARC = YES;
				CLANG_ENABLE_OBJC_WEAK = YES;
				CLANG_WARN_BLOCK_CAPTURE_AUTORELEASING = YES;
				CLANG_WARN_BOOL_CONVERSION = YES;
				CLANG_WARN_COMMA = YES;
				CLANG_WARN_CONSTANT_CONVERSION = YES;
				CLANG_WARN_DEPRECATED_OBJC_IMPLEMENTATIONS = YES;
				CLANG_WARN_DIRECT_OBJC_ISA_USAGE = YES_ERROR;
				CLANG_WARN_DOCUMENTATION_COMMENTS = YES;
				CLANG_WARN_EMPTY_BODY = YES;
				CLANG_WARN_ENUM_CONVERSION = YES;
				CLANG_WARN_INFINITE_RECURSION = YES;
				CLANG_WARN_INT_CONVERSION = YES;
				CLANG_WARN_NON_LITERAL_NULL_CONVERSION = YES;
				CLANG_WARN_OBJC_IMPLICIT_RETAIN_SELF = YES;
				CLANG_WARN_OBJC_LITERAL_CONVERSION = YES;
				CLANG_WARN_OBJC_ROOT_CLASS = YES_ERROR;
				CLANG_WARN_QUOTED_INCLUDE_IN_FRAMEWORK_HEADER = YES;
				CLANG_WARN_RANGE_LOOP_ANALYSIS = YES;
				CLANG_WARN_STRICT_PROTOTYPES = YES;
				CLANG_WARN_SUSPICIOUS_MOVE = YES;
				CLANG_WARN_UNGUARDED_AVAILABILITY = YES_AGGRESSIVE;
				CLANG_WARN_UNREACHABLE_CODE = YES;
				CLANG_WARN__DUPLICATE_METHOD_MATCH = YES;
				COPY_PHASE_STRIP = NO;
				DEBUG_INFORMATION_FORMAT = dwarf;
				ENABLE_STRICT_OBJC_MSGSEND = YES;
				ENABLE_TESTABILITY = YES;
				GCC_C_LANGUAGE_STANDARD = gnu11;
				GCC_DYNAMIC_NO_PIC = NO;
				GCC_NO_COMMON_BLOCKS = YES;
				GCC_OPTIMIZATION_LEVEL = 0;
				GCC_PREPROCESSOR_DEFINITIONS = (
					"DEBUG=1",
					"$(inherited)",
				);
				GCC_WARN_64_TO_32_BIT_CONVERSION = YES;
				GCC_WARN_ABOUT_RETURN_TYPE = YES_ERROR;
				GCC_WARN_UNDECLARED_SELECTOR = YES;
				GCC_WARN_UNINITIALIZED_AUTOS = YES_AGGRESSIVE;
				GCC_WARN_UNUSED_FUNCTION = YES;
				GCC_WARN_UNUSED_VARIABLE = YES;
				IPHONEOS_DEPLOYMENT_TARGET = 14.5;
				MTL_ENABLE_DEBUG_INFO = INCLUDE_SOURCE;
				MTL_FAST_MATH = YES;
				ONLY_ACTIVE_ARCH = YES;
				SDKROOT = iphoneos;
				SWIFT_ACTIVE_COMPILATION_CONDITIONS = DEBUG;
				SWIFT_OPTIMIZATION_LEVEL = "-Onone";
			};
			name = Debug;
		};
		4E0049B626820CB5004F1639 /* Release */ = {
			isa = XCBuildConfiguration;
			buildSettings = {
				ALWAYS_SEARCH_USER_PATHS = NO;
				CLANG_ANALYZER_NONNULL = YES;
				CLANG_ANALYZER_NUMBER_OBJECT_CONVERSION = YES_AGGRESSIVE;
				CLANG_CXX_LANGUAGE_STANDARD = "gnu++14";
				CLANG_CXX_LIBRARY = "libc++";
				CLANG_ENABLE_MODULES = YES;
				CLANG_ENABLE_OBJC_ARC = YES;
				CLANG_ENABLE_OBJC_WEAK = YES;
				CLANG_WARN_BLOCK_CAPTURE_AUTORELEASING = YES;
				CLANG_WARN_BOOL_CONVERSION = YES;
				CLANG_WARN_COMMA = YES;
				CLANG_WARN_CONSTANT_CONVERSION = YES;
				CLANG_WARN_DEPRECATED_OBJC_IMPLEMENTATIONS = YES;
				CLANG_WARN_DIRECT_OBJC_ISA_USAGE = YES_ERROR;
				CLANG_WARN_DOCUMENTATION_COMMENTS = YES;
				CLANG_WARN_EMPTY_BODY = YES;
				CLANG_WARN_ENUM_CONVERSION = YES;
				CLANG_WARN_INFINITE_RECURSION = YES;
				CLANG_WARN_INT_CONVERSION = YES;
				CLANG_WARN_NON_LITERAL_NULL_CONVERSION = YES;
				CLANG_WARN_OBJC_IMPLICIT_RETAIN_SELF = YES;
				CLANG_WARN_OBJC_LITERAL_CONVERSION = YES;
				CLANG_WARN_OBJC_ROOT_CLASS = YES_ERROR;
				CLANG_WARN_QUOTED_INCLUDE_IN_FRAMEWORK_HEADER = YES;
				CLANG_WARN_RANGE_LOOP_ANALYSIS = YES;
				CLANG_WARN_STRICT_PROTOTYPES = YES;
				CLANG_WARN_SUSPICIOUS_MOVE = YES;
				CLANG_WARN_UNGUARDED_AVAILABILITY = YES_AGGRESSIVE;
				CLANG_WARN_UNREACHABLE_CODE = YES;
				CLANG_WARN__DUPLICATE_METHOD_MATCH = YES;
				COPY_PHASE_STRIP = NO;
				DEBUG_INFORMATION_FORMAT = "dwarf-with-dsym";
				ENABLE_NS_ASSERTIONS = NO;
				ENABLE_STRICT_OBJC_MSGSEND = YES;
				GCC_C_LANGUAGE_STANDARD = gnu11;
				GCC_NO_COMMON_BLOCKS = YES;
				GCC_WARN_64_TO_32_BIT_CONVERSION = YES;
				GCC_WARN_ABOUT_RETURN_TYPE = YES_ERROR;
				GCC_WARN_UNDECLARED_SELECTOR = YES;
				GCC_WARN_UNINITIALIZED_AUTOS = YES_AGGRESSIVE;
				GCC_WARN_UNUSED_FUNCTION = YES;
				GCC_WARN_UNUSED_VARIABLE = YES;
				IPHONEOS_DEPLOYMENT_TARGET = 14.5;
				MTL_ENABLE_DEBUG_INFO = NO;
				MTL_FAST_MATH = YES;
				SDKROOT = iphoneos;
				SWIFT_COMPILATION_MODE = wholemodule;
				SWIFT_OPTIMIZATION_LEVEL = "-O";
				VALIDATE_PRODUCT = YES;
			};
			name = Release;
		};
		4E0049B826820CB5004F1639 /* Debug */ = {
			isa = XCBuildConfiguration;
			buildSettings = {
				ASSETCATALOG_COMPILER_APPICON_NAME = AppIcon;
				ASSETCATALOG_COMPILER_GLOBAL_ACCENT_COLOR_NAME = AccentColor;
				CODE_SIGN_STYLE = Automatic;
				DEVELOPMENT_TEAM = WD7K22JC6C;
				INFOPLIST_FILE = ScoopWhoopAssignment/Info.plist;
				LD_RUNPATH_SEARCH_PATHS = (
					"$(inherited)",
					"@executable_path/Frameworks",
				);
				PRODUCT_BUNDLE_IDENTIFIER = com.harshit.ScoopWhoopAssignment;
				PRODUCT_NAME = "$(TARGET_NAME)";
				SWIFT_VERSION = 5.0;
				TARGETED_DEVICE_FAMILY = "1,2";
			};
			name = Debug;
		};
		4E0049B926820CB5004F1639 /* Release */ = {
			isa = XCBuildConfiguration;
			buildSettings = {
				ASSETCATALOG_COMPILER_APPICON_NAME = AppIcon;
				ASSETCATALOG_COMPILER_GLOBAL_ACCENT_COLOR_NAME = AccentColor;
				CODE_SIGN_STYLE = Automatic;
				DEVELOPMENT_TEAM = WD7K22JC6C;
				INFOPLIST_FILE = ScoopWhoopAssignment/Info.plist;
				LD_RUNPATH_SEARCH_PATHS = (
					"$(inherited)",
					"@executable_path/Frameworks",
				);
				PRODUCT_BUNDLE_IDENTIFIER = com.harshit.ScoopWhoopAssignment;
				PRODUCT_NAME = "$(TARGET_NAME)";
				SWIFT_VERSION = 5.0;
				TARGETED_DEVICE_FAMILY = "1,2";
			};
			name = Release;
		};
/* End XCBuildConfiguration section */

/* Begin XCConfigurationList section */
		4E00499E26820CB4004F1639 /* Build configuration list for PBXProject "ScoopWhoopAssignment" */ = {
			isa = XCConfigurationList;
			buildConfigurations = (
				4E0049B526820CB5004F1639 /* Debug */,
				4E0049B626820CB5004F1639 /* Release */,
			);
			defaultConfigurationIsVisible = 0;
			defaultConfigurationName = Release;
		};
		4E0049B726820CB5004F1639 /* Build configuration list for PBXNativeTarget "ScoopWhoopAssignment" */ = {
			isa = XCConfigurationList;
			buildConfigurations = (
				4E0049B826820CB5004F1639 /* Debug */,
				4E0049B926820CB5004F1639 /* Release */,
			);
			defaultConfigurationIsVisible = 0;
			defaultConfigurationName = Release;
		};
/* End XCConfigurationList section */
	};
	rootObject = 4E00499B26820CB4004F1639 /* Project object */;
}
